
Microsoft Visual Studio Solution File, Format Version 12.00
# Visual Studio Version 17
VisualStudioVersion = 17.10.34928.147
MinimumVisualStudioVersion = 10.0.40219.1
Project("{FAE04EC0-301F-11D3-BF4B-00C04F79EFBC}") = "SistemaDeHospedagem", "SistemaDeHospedagem\SistemaDeHospedagem.csproj", "{62F9C761-DB90-40EA-B7BD-1B1D8D6758BA}"
EndProject
Global
	GlobalSection(SolutionConfigurationPlatforms) = preSolution
		Debug|Any CPU = Debug|Any CPU
		Release|Any CPU = Release|Any CPU
	EndGlobalSection
	GlobalSection(ProjectConfigurationPlatforms) = postSolution
		{62F9C761-DB90-40EA-B7BD-1B1D8D6758BA}.Debug|Any CPU.ActiveCfg = Debug|Any CPU
		{62F9C761-DB90-40EA-B7BD-1B1D8D6758BA}.Debug|Any CPU.Build.0 = Debug|Any CPU
		{62F9C761-DB90-40EA-B7BD-1B1D8D6758BA}.Release|Any CPU.ActiveCfg = Release|Any CPU
		{62F9C761-DB90-40EA-B7BD-1B1D8D6758BA}.Release|Any CPU.Build.0 = Release|Any CPU
	EndGlobalSection
	GlobalSection(SolutionProperties) = preSolution
		HideSolutionNode = FALSE
	EndGlobalSection
	GlobalSection(ExtensibilityGlobals) = postSolution
		SolutionGuid = {477163E7-00F2-485B-91E9-72A534EC1680}
	EndGlobalSection
EndGlobal
